
Microsoft Visual Studio Solution File, Format Version 12.00
# Visual Studio Version 17
VisualStudioVersion = 17.5.002.0
MinimumVisualStudioVersion = 10.0.40219.1
Project("{9A19103F-16F7-4668-BE54-9A1E7A4F7556}") = "backend", "backend\backend.csproj", "{A6D6F0BE-28E2-4685-9D88-581A6B41F67F}"
EndProject
Global
	GlobalSection(SolutionConfigurationPlatforms) = preSolution
		Debug|Any CPU = Debug|Any CPU
		Release|Any CPU = Release|Any CPU
	EndGlobalSection
	GlobalSection(ProjectConfigurationPlatforms) = postSolution
		{A6D6F0BE-28E2-4685-9D88-581A6B41F67F}.Debug|Any CPU.ActiveCfg = Debug|Any CPU
		{A6D6F0BE-28E2-4685-9D88-581A6B41F67F}.Debug|Any CPU.Build.0 = Debug|Any CPU
		{A6D6F0BE-28E2-4685-9D88-581A6B41F67F}.Release|Any CPU.ActiveCfg = Release|Any CPU
		{A6D6F0BE-28E2-4685-9D88-581A6B41F67F}.Release|Any CPU.Build.0 = Release|Any CPU
	EndGlobalSection
	GlobalSection(SolutionProperties) = preSolution
		HideSolutionNode = FALSE
	EndGlobalSection
	GlobalSection(ExtensibilityGlobals) = postSolution
		SolutionGuid = {A31778D1-D1A7-4925-9E00-39303F053788}
	EndGlobalSection
EndGlobal
